
Microsoft Visual Studio Solution File, Format Version 12.00
# Visual Studio Version 17
VisualStudioVersion = 17.5.002.0
MinimumVisualStudioVersion = 10.0.40219.1
Project("{9A19103F-16F7-4668-BE54-9A1E7A4F7556}") = "Modern Real Estate", "Modern Real Estate.csproj", "{079A2555-951C-47CC-80A6-E646CE38B5A1}"
EndProject
Global
	GlobalSection(SolutionConfigurationPlatforms) = preSolution
		Debug|Any CPU = Debug|Any CPU
		Release|Any CPU = Release|Any CPU
	EndGlobalSection
	GlobalSection(ProjectConfigurationPlatforms) = postSolution
		{079A2555-951C-47CC-80A6-E646CE38B5A1}.Debug|Any CPU.ActiveCfg = Debug|Any CPU
		{079A2555-951C-47CC-80A6-E646CE38B5A1}.Debug|Any CPU.Build.0 = Debug|Any CPU
		{079A2555-951C-47CC-80A6-E646CE38B5A1}.Release|Any CPU.ActiveCfg = Release|Any CPU
		{079A2555-951C-47CC-80A6-E646CE38B5A1}.Release|Any CPU.Build.0 = Release|Any CPU
	EndGlobalSection
	GlobalSection(SolutionProperties) = preSolution
		HideSolutionNode = FALSE
	EndGlobalSection
	GlobalSection(ExtensibilityGlobals) = postSolution
		SolutionGuid = {6612E1C9-5634-4FC8-854C-5D134AABE949}
	EndGlobalSection
EndGlobal
